<?xml version="1.0" encoding="utf-8"?>
<Project ToolsVersion="4.0" xmlns="http://schemas.microsoft.com/developer/msbuild/2003">
  <ItemGroup>
    <Filter Include="YR_Engine">
      <UniqueIdentifier>{917a1e43-1aa7-4c3d-b8a4-f955390dffe9}</UniqueIdentifier>
    </Filter>
    <Filter Include="YR_Engine\Ai">
      <UniqueIdentifier>{d4ea320e-0398-49a7-a906-c91634ae76c5}</UniqueIdentifier>
    </Filter>
    <Filter Include="YR_Engine\Resource">
      <UniqueIdentifier>{85af6768-364a-4d2a-b51a-24b9eebfd5b2}</UniqueIdentifier>
    </Filter>
    <Filter Include="YR_Engine\Object">
      <UniqueIdentifier>{c357dda3-bf4c-4285-b332-cc0fcaf56ebd}</UniqueIdentifier>
    </Filter>
    <Filter Include="YR_Engine\Input">
      <UniqueIdentifier>{009c0a8b-cd99-46e8-8eaa-48bd50a9d157}</UniqueIdentifier>
    </Filter>
    <Filter Include="YR_Engine\Math">
      <UniqueIdentifier>{ce32edfa-3bfd-4e09-b287-f51373e27469}</UniqueIdentifier>
    </Filter>
    <Filter Include="YR_Engine\Framework">
      <UniqueIdentifier>{d2d280a5-8f9f-45de-a217-144821ff2311}</UniqueIdentifier>
    </Filter>
    <Filter Include="External">
      <UniqueIdentifier>{f34982ef-7008-4eec-81e1-a5d90520d09e}</UniqueIdentifier>
    </Filter>
    <Filter Include="External\ImGui">
      <UniqueIdentifier>{8b84bd67-2740-4539-bf15-4bd34bab06e6}</UniqueIdentifier>
    </Filter>
    <Filter Include="YR_Engine\Graphics">
      <UniqueIdentifier>{9b77ae7a-24ae-492b-a273-85f667c10b0f}</UniqueIdentifier>
    </Filter>
    <Filter Include="YR_Engine\Graphics\Shader">
      <UniqueIdentifier>{69ee7834-9186-4edb-baa9-572fa8077584}</UniqueIdentifier>
    </Filter>
    <Filter Include="YR_Engine\Graphics\Camera">
      <UniqueIdentifier>{550710de-e594-41b4-a175-31db67488d2a}</UniqueIdentifier>
    </Filter>
    <Filter Include="YR_Engine\Scene">
      <UniqueIdentifier>{55fe3176-c0ae-490f-aa86-4924236b652e}</UniqueIdentifier>
    </Filter>
    <Filter Include="YR_Engine\Resource\GltfModel">
      <UniqueIdentifier>{f579a8ad-4295-46db-82d7-a4599661f9b5}</UniqueIdentifier>
    </Filter>
    <Filter Include="YR_Engine\Resource\Sprite">
      <UniqueIdentifier>{11ee2e16-bf65-43b9-88d2-cc91f892b174}</UniqueIdentifier>
    </Filter>
    <Filter Include="YR_Engine\Shader">
      <UniqueIdentifier>{66af9be2-4379-407e-9acf-2054a3a2a17d}</UniqueIdentifier>
    </Filter>
    <Filter Include="YR_Engine\Object\Character">
      <UniqueIdentifier>{2064c89b-7744-496e-914b-9011cec6ba0c}</UniqueIdentifier>
    </Filter>
    <Filter Include="YR_Engine\Object\Character\Enemy">
      <UniqueIdentifier>{af7ff383-d02e-476b-a849-139be4534d7b}</UniqueIdentifier>
    </Filter>
    <Filter Include="YR_Engine\Object\Character\Player">
      <UniqueIdentifier>{8875270f-aef4-403e-8993-c4a900ff7e19}</UniqueIdentifier>
    </Filter>
    <Filter Include="YR_Engine\Ai\StateMachine">
      <UniqueIdentifier>{dac74c19-82e3-4753-a6dc-43e769327ad9}</UniqueIdentifier>
    </Filter>
    <Filter Include="YR_Engine\Ai\BehaviorTree">
      <UniqueIdentifier>{4ffad43c-bbbf-4cf7-8b24-d27961308589}</UniqueIdentifier>
    </Filter>
    <Filter Include="External\Nlohmann">
      <UniqueIdentifier>{190da622-f908-48ab-9564-f6a2c4bd2800}</UniqueIdentifier>
    </Filter>
    <Filter Include="YR_Engine\Object\Stage">
      <UniqueIdentifier>{3544766e-c606-472b-a446-b422fd476ceb}</UniqueIdentifier>
    </Filter>
    <Filter Include="YR_Engine\Resource\Effect">
      <UniqueIdentifier>{26ac4cea-0ab0-42e1-9ee7-b004efb8d07f}</UniqueIdentifier>
    </Filter>
    <Filter Include="YR_Engine\Graphics\PostProcess">
      <UniqueIdentifier>{293c5472-2edc-479c-a0f4-1526a48e7c44}</UniqueIdentifier>
    </Filter>
    <Filter Include="YR_Engine\Shader\FullScreenQuad">
      <UniqueIdentifier>{939cab06-e0ff-4f18-8538-129a66f9a7df}</UniqueIdentifier>
    </Filter>
    <Filter Include="YR_Engine\Shader\GltfModel">
      <UniqueIdentifier>{cccf325e-bf7c-461d-91eb-cc533b5d9017}</UniqueIdentifier>
    </Filter>
    <Filter Include="YR_Engine\Graphics\PostProcess\Bloom">
      <UniqueIdentifier>{62a79bb5-ce54-4808-8eb9-12353634172e}</UniqueIdentifier>
    </Filter>
    <Filter Include="YR_Engine\Graphics\CascadedShadowMap">
      <UniqueIdentifier>{b4011f77-72c0-4251-b04e-37fbd1080d83}</UniqueIdentifier>
    </Filter>
    <Filter Include="YR_Engine\Shader\PostProcess">
      <UniqueIdentifier>{05fc9817-2075-4c5a-983b-b960e5d5dbec}</UniqueIdentifier>
    </Filter>
    <Filter Include="YR_Engine\Shader\PostProcess\KawaseBloom">
      <UniqueIdentifier>{45f53530-0e36-46ba-8b2d-03de1937edab}</UniqueIdentifier>
    </Filter>
    <Filter Include="YR_Engine\Collision">
      <UniqueIdentifier>{639de404-82e9-49fd-9451-84eca13c83a1}</UniqueIdentifier>
    </Filter>
    <Filter Include="YR_Engine\Resource\Audio">
      <UniqueIdentifier>{9d097e14-a48d-42c1-9b4c-3f36475c369a}</UniqueIdentifier>
    </Filter>
    <Filter Include="YR_Engine\Object\Character\Enemy\WoodMonster">
      <UniqueIdentifier>{772b7ff7-e402-4c16-8aac-0051fa4c52dd}</UniqueIdentifier>
    </Filter>
    <Filter Include="YR_Engine\Graphics\DeferredRendering">
      <UniqueIdentifier>{1ce7642b-80ec-4715-a529-eb97262af82e}</UniqueIdentifier>
    </Filter>
    <Filter Include="YR_Engine\Shader\DeferredRendering">
      <UniqueIdentifier>{809a8e03-4e28-437a-8ec1-4a9e46632dad}</UniqueIdentifier>
    </Filter>
    <Filter Include="YR_Engine\Resource\ComputeParticle">
      <UniqueIdentifier>{ee8e8735-2fa3-43e4-ba31-a75df9a3c265}</UniqueIdentifier>
    </Filter>
    <Filter Include="YR_Engine\Shader\ComputeParticle">
      <UniqueIdentifier>{ccdd2131-3cc9-4488-8066-70bff5b08f3b}</UniqueIdentifier>
    </Filter>
    <Filter Include="YR_Engine\Shader\Core">
      <UniqueIdentifier>{0d49367f-8fb6-4393-8d4a-87b38d8f038d}</UniqueIdentifier>
    </Filter>
  </ItemGroup>
  <ItemGroup>
    <ClCompile Include="External\ImGui\imgui.cpp">
      <Filter>External\ImGui</Filter>
    </ClCompile>
    <ClCompile Include="External\ImGui\imgui_demo.cpp">
      <Filter>External\ImGui</Filter>
    </ClCompile>
    <ClCompile Include="External\ImGui\imgui_draw.cpp">
      <Filter>External\ImGui</Filter>
    </ClCompile>
    <ClCompile Include="External\ImGui\imgui_impl_dx11.cpp">
      <Filter>External\ImGui</Filter>
    </ClCompile>
    <ClCompile Include="External\ImGui\imgui_impl_win32.cpp">
      <Filter>External\ImGui</Filter>
    </ClCompile>
    <ClCompile Include="External\ImGui\imgui_ja_gryph_ranges.cpp">
      <Filter>External\ImGui</Filter>
    </ClCompile>
    <ClCompile Include="External\ImGui\imgui_tables.cpp">
      <Filter>External\ImGui</Filter>
    </ClCompile>
    <ClCompile Include="External\ImGui\imgui_widgets.cpp">
      <Filter>External\ImGui</Filter>
    </ClCompile>
    <ClCompile Include="External\ImGui\ImGuiCtrl.cpp">
      <Filter>External\ImGui</Filter>
    </ClCompile>
    <ClCompile Include="Source\FrameWork\Framework.cpp">
      <Filter>YR_Engine\Framework</Filter>
    </ClCompile>
    <ClCompile Include="Source\FrameWork\Main.cpp">
      <Filter>YR_Engine\Framework</Filter>
    </ClCompile>
    <ClCompile Include="Source\Graphics\Shader\Shader.cpp">
      <Filter>YR_Engine\Graphics\Shader</Filter>
    </ClCompile>
    <ClCompile Include="Source\Graphics\Graphics.cpp">
      <Filter>YR_Engine\Graphics</Filter>
    </ClCompile>
    <ClCompile Include="Source\Scene\DemoScene.cpp">
      <Filter>YR_Engine\Scene</Filter>
    </ClCompile>
    <ClCompile Include="Source\Scene\GameScene.cpp">
      <Filter>YR_Engine\Scene</Filter>
    </ClCompile>
    <ClCompile Include="Source\Scene\SceneManager.cpp">
      <Filter>YR_Engine\Scene</Filter>
    </ClCompile>
    <ClCompile Include="Source\Scene\TitleScene.cpp">
      <Filter>YR_Engine\Scene</Filter>
    </ClCompile>
    <ClCompile Include="Source\Resource\Texture.cpp">
      <Filter>YR_Engine\Resource</Filter>
    </ClCompile>
    <ClCompile Include="Source\Math\Transform.cpp">
      <Filter>YR_Engine\Math</Filter>
    </ClCompile>
    <ClCompile Include="Source\Graphics\Camera\Camera.cpp">
      <Filter>YR_Engine\Graphics\Camera</Filter>
    </ClCompile>
    <ClCompile Include="Source\Object\Object.cpp">
      <Filter>YR_Engine\Object</Filter>
    </ClCompile>
    <ClCompile Include="Source\Object\Character\Character.cpp">
      <Filter>YR_Engine\Object\Character</Filter>
    </ClCompile>
    <ClCompile Include="Source\Object\Character\Player\Player.cpp">
      <Filter>YR_Engine\Object\Character\Player</Filter>
    </ClCompile>
    <ClCompile Include="Source\Object\Character\Player\PlayerState.cpp">
      <Filter>YR_Engine\Object\Character\Player</Filter>
    </ClCompile>
    <ClCompile Include="Source\Input\Input.cpp">
      <Filter>YR_Engine\Input</Filter>
    </ClCompile>
    <ClCompile Include="Source\Input\GamePad.cpp">
      <Filter>YR_Engine\Input</Filter>
    </ClCompile>
    <ClCompile Include="Source\Input\Mouse.cpp">
      <Filter>YR_Engine\Input</Filter>
    </ClCompile>
    <ClCompile Include="Source\Object\Character\Player\PlayerManager.cpp">
      <Filter>YR_Engine\Object\Character\Player</Filter>
    </ClCompile>
    <ClCompile Include="Source\Resource\Effect.cpp">
      <Filter>YR_Engine\Resource\Effect</Filter>
    </ClCompile>
    <ClCompile Include="Source\Object\Stage\Stage.cpp">
      <Filter>YR_Engine\Object\Stage</Filter>
    </ClCompile>
    <ClCompile Include="Source\Resource\EffectManager.cpp">
      <Filter>YR_Engine\Resource\Effect</Filter>
    </ClCompile>
    <ClCompile Include="Source\Graphics\PostProcess\PostProcess.cpp">
      <Filter>YR_Engine\Graphics\PostProcess</Filter>
    </ClCompile>
    <ClCompile Include="Source\Graphics\FrameBuffer.cpp">
      <Filter>YR_Engine\Graphics</Filter>
    </ClCompile>
    <ClCompile Include="Source\Graphics\FullscreenQuad.cpp">
      <Filter>YR_Engine\Graphics</Filter>
    </ClCompile>
    <ClCompile Include="Source\Graphics\PostProcess\Bloom\KawaseBloom.cpp">
      <Filter>YR_Engine\Graphics\PostProcess\Bloom</Filter>
    </ClCompile>
    <ClCompile Include="Source\Graphics\CascadedShadowMap\CascadedShadowMap.cpp">
      <Filter>YR_Engine\Graphics\CascadedShadowMap</Filter>
    </ClCompile>
    <ClCompile Include="Source\Collision\CollisionData.cpp">
      <Filter>YR_Engine\Collision</Filter>
    </ClCompile>
    <ClCompile Include="Source\Collision\CollisionManager.cpp">
      <Filter>YR_Engine\Collision</Filter>
    </ClCompile>
    <ClCompile Include="Source\Resource\Audio\Audio.cpp">
      <Filter>YR_Engine\Resource\Audio</Filter>
    </ClCompile>
    <ClCompile Include="Source\Resource\Audio\AudioManager.cpp">
      <Filter>YR_Engine\Resource\Audio</Filter>
    </ClCompile>
    <ClCompile Include="Source\Resource\GltfModel\AnimationEditer.cpp">
      <Filter>YR_Engine\Resource\GltfModel</Filter>
    </ClCompile>
    <ClCompile Include="Source\Resource\GltfModel\GltfModel.cpp">
      <Filter>YR_Engine\Resource\GltfModel</Filter>
    </ClCompile>
    <ClCompile Include="Source\Resource\ResourceManager.cpp">
      <Filter>YR_Engine\Resource</Filter>
    </ClCompile>
    <ClCompile Include="Source\Object\Character\Enemy\Enemy.cpp">
      <Filter>YR_Engine\Object\Character\Enemy</Filter>
    </ClCompile>
    <ClCompile Include="Source\Object\Character\Enemy\EnemyManager.cpp">
      <Filter>YR_Engine\Object\Character\Enemy</Filter>
    </ClCompile>
    <ClCompile Include="Source\Object\Character\Enemy\WoodMonster\WoodMonster.cpp">
      <Filter>YR_Engine\Object\Character\Enemy\WoodMonster</Filter>
    </ClCompile>
    <ClCompile Include="Source\Object\Character\Enemy\WoodMonster\WoodMonsterState.cpp">
      <Filter>YR_Engine\Object\Character\Enemy\WoodMonster</Filter>
    </ClCompile>
    <ClCompile Include="Source\Graphics\DeferredRendering\DeferredRendering.cpp">
      <Filter>YR_Engine\Graphics\DeferredRendering</Filter>
    </ClCompile>
    <ClCompile Include="Source\Resource\ComputeParticle\ComputeParticleSystem.cpp">
      <Filter>YR_Engine\Resource\ComputeParticle</Filter>
    </ClCompile>
  </ItemGroup>
  <ItemGroup>
    <ClInclude Include="External\ImGui\imconfig.h">
      <Filter>External\ImGui</Filter>
    </ClInclude>
    <ClInclude Include="External\ImGui\imgui.h">
      <Filter>External\ImGui</Filter>
    </ClInclude>
    <ClInclude Include="External\ImGui\imgui_impl_dx11.h">
      <Filter>External\ImGui</Filter>
    </ClInclude>
    <ClInclude Include="External\ImGui\imgui_impl_win32.h">
      <Filter>External\ImGui</Filter>
    </ClInclude>
    <ClInclude Include="External\ImGui\imgui_internal.h">
      <Filter>External\ImGui</Filter>
    </ClInclude>
    <ClInclude Include="External\ImGui\ImGuiCtrl.h">
      <Filter>External\ImGui</Filter>
    </ClInclude>
    <ClInclude Include="External\ImGui\imstb_rectpack.h">
      <Filter>External\ImGui</Filter>
    </ClInclude>
    <ClInclude Include="External\ImGui\imstb_textedit.h">
      <Filter>External\ImGui</Filter>
    </ClInclude>
    <ClInclude Include="External\ImGui\imstb_truetype.h">
      <Filter>External\ImGui</Filter>
    </ClInclude>
    <ClInclude Include="Source\FrameWork\Framework.h">
      <Filter>YR_Engine\Framework</Filter>
    </ClInclude>
    <ClInclude Include="Source\FrameWork\Common.h">
      <Filter>YR_Engine\Framework</Filter>
    </ClInclude>
    <ClInclude Include="Source\FrameWork\HighResolutionTimer.h">
      <Filter>YR_Engine\Framework</Filter>
    </ClInclude>
    <ClInclude Include="Source\FrameWork\Misc.h">
      <Filter>YR_Engine\Framework</Filter>
    </ClInclude>
    <ClInclude Include="Source\Graphics\Shader\Shader.h">
      <Filter>YR_Engine\Graphics\Shader</Filter>
    </ClInclude>
    <ClInclude Include="Source\Graphics\Graphics.h">
      <Filter>YR_Engine\Graphics</Filter>
    </ClInclude>
    <ClInclude Include="Source\Graphics\ConstantBuffer.h">
      <Filter>YR_Engine\Graphics</Filter>
    </ClInclude>
    <ClInclude Include="Source\Scene\BaseScene.h">
      <Filter>YR_Engine\Scene</Filter>
    </ClInclude>
    <ClInclude Include="Source\Scene\DemoScene.h">
      <Filter>YR_Engine\Scene</Filter>
    </ClInclude>
    <ClInclude Include="Source\Scene\GameScene.h">
      <Filter>YR_Engine\Scene</Filter>
    </ClInclude>
    <ClInclude Include="Source\Scene\SceneManager.h">
      <Filter>YR_Engine\Scene</Filter>
    </ClInclude>
    <ClInclude Include="Source\Scene\TitleScene.h">
      <Filter>YR_Engine\Scene</Filter>
    </ClInclude>
    <ClInclude Include="Source\Resource\Texture.h">
      <Filter>YR_Engine\Resource</Filter>
    </ClInclude>
    <ClInclude Include="Source\Math\MathHelper.h">
      <Filter>YR_Engine\Math</Filter>
    </ClInclude>
    <ClInclude Include="Source\Math\MathHelperFloat2.h">
      <Filter>YR_Engine\Math</Filter>
    </ClInclude>
    <ClInclude Include="Source\Math\MathHelperFloat3.h">
      <Filter>YR_Engine\Math</Filter>
    </ClInclude>
    <ClInclude Include="Source\Math\MathHelperFloat4.h">
      <Filter>YR_Engine\Math</Filter>
    </ClInclude>
    <ClInclude Include="Source\Math\Serialize.h">
      <Filter>YR_Engine\Math</Filter>
    </ClInclude>
    <ClInclude Include="Source\Math\Transform.h">
      <Filter>YR_Engine\Math</Filter>
    </ClInclude>
    <ClInclude Include="Source\Graphics\Camera\Camera.h">
      <Filter>YR_Engine\Graphics\Camera</Filter>
    </ClInclude>
    <ClInclude Include="Source\Object\Object.h">
      <Filter>YR_Engine\Object</Filter>
    </ClInclude>
    <ClInclude Include="Source\Object\Character\Character.h">
      <Filter>YR_Engine\Object\Character</Filter>
    </ClInclude>
    <ClInclude Include="Source\Object\Character\Player\Player.h">
      <Filter>YR_Engine\Object\Character\Player</Filter>
    </ClInclude>
    <ClInclude Include="Source\Ai\State.h">
      <Filter>YR_Engine\Ai\StateMachine</Filter>
    </ClInclude>
    <ClInclude Include="Source\Ai\StateMachine.h">
      <Filter>YR_Engine\Ai\StateMachine</Filter>
    </ClInclude>
    <ClInclude Include="Source\Object\Character\Player\PlayerState.h">
      <Filter>YR_Engine\Object\Character\Player</Filter>
    </ClInclude>
    <ClInclude Include="Source\Input\Input.h">
      <Filter>YR_Engine\Input</Filter>
    </ClInclude>
    <ClInclude Include="Source\Input\GamePad.h">
      <Filter>YR_Engine\Input</Filter>
    </ClInclude>
    <ClInclude Include="Source\Input\Mouse.h">
      <Filter>YR_Engine\Input</Filter>
    </ClInclude>
    <ClInclude Include="Source\Object\Character\Player\PlayerManager.h">
      <Filter>YR_Engine\Object\Character\Player</Filter>
    </ClInclude>
    <ClInclude Include="External\nlohmann\json.hpp">
      <Filter>External\Nlohmann</Filter>
    </ClInclude>
    <ClInclude Include="External\nlohmann\json_fwd.hpp">
      <Filter>External\Nlohmann</Filter>
    </ClInclude>
    <ClInclude Include="Source\Resource\Effect.h">
      <Filter>YR_Engine\Resource\Effect</Filter>
    </ClInclude>
    <ClInclude Include="Source\Object\Stage\Stage.h">
      <Filter>YR_Engine\Object\Stage</Filter>
    </ClInclude>
    <ClInclude Include="Source\Resource\EffectManager.h">
      <Filter>YR_Engine\Resource\Effect</Filter>
    </ClInclude>
    <ClInclude Include="Source\Graphics\PostProcess\PostProcess.h">
      <Filter>YR_Engine\Graphics\PostProcess</Filter>
    </ClInclude>
    <ClInclude Include="Source\Graphics\FrameBuffer.h">
      <Filter>YR_Engine\Graphics</Filter>
    </ClInclude>
    <ClInclude Include="Source\Graphics\FullscreenQuad.h">
      <Filter>YR_Engine\Graphics</Filter>
    </ClInclude>
    <ClInclude Include="Source\Graphics\PostProcess\Bloom\KawaseBloom.h">
      <Filter>YR_Engine\Graphics\PostProcess\Bloom</Filter>
    </ClInclude>
    <ClInclude Include="Source\Graphics\CascadedShadowMap\CascadedShadowMap.h">
      <Filter>YR_Engine\Graphics\CascadedShadowMap</Filter>
    </ClInclude>
    <ClInclude Include="Source\Collision\CollisionData.h">
      <Filter>YR_Engine\Collision</Filter>
    </ClInclude>
    <ClInclude Include="Source\Collision\CollisionManager.h">
      <Filter>YR_Engine\Collision</Filter>
    </ClInclude>
    <ClInclude Include="Source\Resource\Audio\Audio.h">
      <Filter>YR_Engine\Resource\Audio</Filter>
    </ClInclude>
    <ClInclude Include="Source\Resource\Audio\AudioManager.h">
      <Filter>YR_Engine\Resource\Audio</Filter>
    </ClInclude>
    <ClInclude Include="Source\Resource\GltfModel\AnimationEditer.h">
      <Filter>YR_Engine\Resource\GltfModel</Filter>
    </ClInclude>
    <ClInclude Include="Source\Resource\GltfModel\GltfModel.h">
      <Filter>YR_Engine\Resource\GltfModel</Filter>
    </ClInclude>
    <ClInclude Include="Source\Resource\ResourceManager.h">
      <Filter>YR_Engine\Resource</Filter>
    </ClInclude>
    <ClInclude Include="Source\Object\Character\Enemy\Enemy.h">
      <Filter>YR_Engine\Object\Character\Enemy</Filter>
    </ClInclude>
    <ClInclude Include="Source\Object\Character\Enemy\EnemyManager.h">
      <Filter>YR_Engine\Object\Character\Enemy</Filter>
    </ClInclude>
    <ClInclude Include="Source\Object\Character\Enemy\WoodMonster\WoodMonster.h">
      <Filter>YR_Engine\Object\Character\Enemy\WoodMonster</Filter>
    </ClInclude>
    <ClInclude Include="Source\Object\Character\Enemy\WoodMonster\WoodMonsterState.h">
      <Filter>YR_Engine\Object\Character\Enemy\WoodMonster</Filter>
    </ClInclude>
    <ClInclude Include="Source\Graphics\DeferredRendering\DeferredRendering.h">
      <Filter>YR_Engine\Graphics\DeferredRendering</Filter>
    </ClInclude>
    <ClInclude Include="Source\Resource\ComputeParticle\ComputeParticleSystem.h">
      <Filter>YR_Engine\Resource\ComputeParticle</Filter>
    </ClInclude>
  </ItemGroup>
  <ItemGroup>
    <None Include="Source\Shader\ImageBasedLighting.hlsli">
      <Filter>YR_Engine\Shader\GltfModel</Filter>
    </None>
    <None Include="Source\Shader\BidirectionalReflectanceDistributionFunction.hlsli">
      <Filter>YR_Engine\Shader\GltfModel</Filter>
    </None>
    <None Include="Source\Shader\GltfModel.hlsli">
      <Filter>YR_Engine\Shader\GltfModel</Filter>
    </None>
    <None Include="Source\Shader\FullScreenQuad.hlsli">
      <Filter>YR_Engine\Shader\FullScreenQuad</Filter>
    </None>
    <None Include="Source\Shader\KawaseBloom.hlsli">
      <Filter>YR_Engine\Shader\PostProcess\KawaseBloom</Filter>
    </None>
    <None Include="Source\Shader\PostProcess.hlsli">
      <Filter>YR_Engine\Shader\PostProcess</Filter>
    </None>
    <None Include="Source\Shader\GBuffer.hlsli">
      <Filter>YR_Engine\Shader\GltfModel</Filter>
    </None>
    <None Include="Source\Shader\DeferredRendering.hlsli">
      <Filter>YR_Engine\Shader\DeferredRendering</Filter>
    </None>
    <None Include="Source\Shader\ShadingFunctions.hlsli">
      <Filter>YR_Engine\Shader</Filter>
    </None>
    <None Include="Source\Shader\ComputeParticle.hlsli">
      <Filter>YR_Engine\Shader\ComputeParticle</Filter>
    </None>
    <None Include="Source\Shader\ComputeParticleEmit.hlsli">
      <Filter>YR_Engine\Shader\ComputeParticle</Filter>
    </None>
    <None Include="Source\Shader\SceneConstants.hlsli">
      <Filter>YR_Engine\Shader\Core</Filter>
    </None>
  </ItemGroup>
  <ItemGroup>
    <FxCompile Include="Source\Shader\GltfModelPS.hlsl">
      <Filter>YR_Engine\Shader\GltfModel</Filter>
    </FxCompile>
    <FxCompile Include="Source\Shader\GltfModelVS.hlsl">
      <Filter>YR_Engine\Shader\GltfModel</Filter>
    </FxCompile>
    <FxCompile Include="Source\Shader\FullScreenQuadPS.hlsl">
      <Filter>YR_Engine\Shader\FullScreenQuad</Filter>
    </FxCompile>
    <FxCompile Include="Source\Shader\FullScreenQuadVS.hlsl">
      <Filter>YR_Engine\Shader\FullScreenQuad</Filter>
    </FxCompile>
    <FxCompile Include="Source\Shader\KawaseBloomPS.hlsl">
      <Filter>YR_Engine\Shader\PostProcess\KawaseBloom</Filter>
    </FxCompile>
    <FxCompile Include="Source\Shader\LuminanceExtractionPS.hlsl">
      <Filter>YR_Engine\Shader\PostProcess\KawaseBloom</Filter>
    </FxCompile>
    <FxCompile Include="Source\Shader\GaussianBlurVerticalPS.hlsl">
      <Filter>YR_Engine\Shader\PostProcess\KawaseBloom</Filter>
    </FxCompile>
    <FxCompile Include="Source\Shader\GaussianBlurHorizontalPS.hlsl">
      <Filter>YR_Engine\Shader\PostProcess\KawaseBloom</Filter>
    </FxCompile>
    <FxCompile Include="Source\Shader\PostProcessPS.hlsl">
      <Filter>YR_Engine\Shader\PostProcess</Filter>
    </FxCompile>
    <FxCompile Include="Source\Shader\GltfModelGBufferPS.hlsl">
      <Filter>YR_Engine\Shader\GltfModel</Filter>
    </FxCompile>
    <FxCompile Include="Source\Shader\DeferredRenderingPS.hlsl">
      <Filter>YR_Engine\Shader\DeferredRendering</Filter>
    </FxCompile>
    <FxCompile Include="Source\Shader\ComputeParticleInitCS.hlsl">
      <Filter>YR_Engine\Shader\ComputeParticle</Filter>
    </FxCompile>
    <FxCompile Include="Source\Shader\ComputeParticleBeginFrameCS.hlsl">
      <Filter>YR_Engine\Shader\ComputeParticle</Filter>
    </FxCompile>
    <FxCompile Include="Source\Shader\ComputeParticleEndFrameCS.hlsl">
      <Filter>YR_Engine\Shader\ComputeParticle</Filter>
    </FxCompile>
    <FxCompile Include="Source\Shader\ComputeParticleRenderVS.hlsl">
      <Filter>YR_Engine\Shader\ComputeParticle</Filter>
    </FxCompile>
    <FxCompile Include="Source\Shader\ComputeParticleRenderGS.hlsl">
      <Filter>YR_Engine\Shader\ComputeParticle</Filter>
    </FxCompile>
    <FxCompile Include="Source\Shader\ComputeParticleRenderPS.hlsl">
      <Filter>YR_Engine\Shader\ComputeParticle</Filter>
    </FxCompile>
    <FxCompile Include="Source\Shader\ComputeParticleUpdateCS.hlsl">
      <Filter>YR_Engine\Shader\ComputeParticle</Filter>
    </FxCompile>
    <FxCompile Include="Source\Shader\ComputeParticleEmitCS.hlsl">
      <Filter>YR_Engine\Shader\ComputeParticle</Filter>
    </FxCompile>
  </ItemGroup>
</Project>